
Microsoft Visual Studio Solution File, Format Version 12.00
# Visual Studio 2013
VisualStudioVersion = 12.0.31101.0
MinimumVisualStudioVersion = 10.0.40219.1
Project("{FAE04EC0-301F-11D3-BF4B-00C04F79EFBC}") = "HomeTask1", "HomeTask1\HomeTask1.csproj", "{95D73943-2A19-4DD4-A616-A264D6EF5F8C}"
EndProject
Project("{FAE04EC0-301F-11D3-BF4B-00C04F79EFBC}") = "HomeTask3", "HomeTask3\HomeTask3.csproj", "{4B096486-7457-4911-8280-7BA7A2BB45A0}"
EndProject
Project("{FAE04EC0-301F-11D3-BF4B-00C04F79EFBC}") = "HomeTask2", "HomeTask2\HomeTask2.csproj", "{BD923A4D-D22D-41FE-B0B6-9706AB2ADAFF}"
EndProject
Global
	GlobalSection(SolutionConfigurationPlatforms) = preSolution
		Debug|Any CPU = Debug|Any CPU
		Release|Any CPU = Release|Any CPU
	EndGlobalSection
	GlobalSection(ProjectConfigurationPlatforms) = postSolution
		{95D73943-2A19-4DD4-A616-A264D6EF5F8C}.Debug|Any CPU.ActiveCfg = Debug|Any CPU
		{95D73943-2A19-4DD4-A616-A264D6EF5F8C}.Debug|Any CPU.Build.0 = Debug|Any CPU
		{95D73943-2A19-4DD4-A616-A264D6EF5F8C}.Release|Any CPU.ActiveCfg = Release|Any CPU
		{95D73943-2A19-4DD4-A616-A264D6EF5F8C}.Release|Any CPU.Build.0 = Release|Any CPU
		{4B096486-7457-4911-8280-7BA7A2BB45A0}.Debug|Any CPU.ActiveCfg = Debug|Any CPU
		{4B096486-7457-4911-8280-7BA7A2BB45A0}.Debug|Any CPU.Build.0 = Debug|Any CPU
		{4B096486-7457-4911-8280-7BA7A2BB45A0}.Release|Any CPU.ActiveCfg = Release|Any CPU
		{4B096486-7457-4911-8280-7BA7A2BB45A0}.Release|Any CPU.Build.0 = Release|Any CPU
		{BD923A4D-D22D-41FE-B0B6-9706AB2ADAFF}.Debug|Any CPU.ActiveCfg = Debug|Any CPU
		{BD923A4D-D22D-41FE-B0B6-9706AB2ADAFF}.Debug|Any CPU.Build.0 = Debug|Any CPU
		{BD923A4D-D22D-41FE-B0B6-9706AB2ADAFF}.Release|Any CPU.ActiveCfg = Release|Any CPU
		{BD923A4D-D22D-41FE-B0B6-9706AB2ADAFF}.Release|Any CPU.Build.0 = Release|Any CPU
	EndGlobalSection
	GlobalSection(SolutionProperties) = preSolution
		HideSolutionNode = FALSE
	EndGlobalSection
EndGlobal
